
Microsoft Visual Studio Solution File, Format Version 12.00
# Visual Studio Version 17
VisualStudioVersion = 17.13.35913.81
MinimumVisualStudioVersion = 10.0.40219.1
Project("{2150E333-8FDC-42A3-9474-1A3956D46DE8}") = "__Solution", "__Solution", "{02EA681E-C7D8-13C7-8484-4AC65E1B71E8}"
	ProjectSection(SolutionItems) = preProject
		Directory.Packages.props = Directory.Packages.props
	EndProjectSection
EndProject
Project("{E53339B2-1760-4266-BCC7-CA923CBCF16C}") = "docker-compose", "docker-compose.dcproj", "{81DDED9D-158B-E303-5F62-77A2896D2A5A}"
EndProject
Project("{2150E333-8FDC-42A3-9474-1A3956D46DE8}") = "_Common", "_Common", "{1C1E5B89-B53D-47DE-966E-47429FE6DBC1}"
EndProject
Project("{2150E333-8FDC-42A3-9474-1A3956D46DE8}") = "src", "src", "{D7F1A918-C39D-4DB3-9A09-962842E4AAFE}"
EndProject
Project("{FAE04EC0-301F-11D3-BF4B-00C04F79EFBC}") = "Common.Core.Boundary", "Common\src\Common.Core.Boundary\Common.Core.Boundary.csproj", "{B07C268A-9C48-9ACA-3090-405AB9DE7884}"
EndProject
Project("{FAE04EC0-301F-11D3-BF4B-00C04F79EFBC}") = "Common.Infrastructure", "Common\src\Common.Infrastructure\Common.Infrastructure.csproj", "{C8EFA71D-8941-85C6-1180-5AEC52364E12}"
EndProject
Project("{FAE04EC0-301F-11D3-BF4B-00C04F79EFBC}") = "Common.LanguageExtensions", "Common\src\Common.LanguageExtensions\Common.LanguageExtensions.csproj", "{D5C425C4-560F-FA82-8E29-83902C95E2C6}"
EndProject
Project("{FAE04EC0-301F-11D3-BF4B-00C04F79EFBC}") = "Common.Testing", "Common\src\Common.Testing\Common.Testing.csproj", "{8432CB51-21F2-6642-30F4-57E78DC4C15F}"
EndProject
Project("{FAE04EC0-301F-11D3-BF4B-00C04F79EFBC}") = "Common.Testing.Integration", "Common\src\Common.Testing.Web\Common.Testing.Integration.csproj", "{6B52EAED-B9B9-64F9-50F6-3390BE4DE5AD}"
EndProject
Project("{2150E333-8FDC-42A3-9474-1A3956D46DE8}") = "test", "test", "{1455FA76-7C1E-4C9F-8253-18E64C5EBDF6}"
EndProject
Project("{FAE04EC0-301F-11D3-BF4B-00C04F79EFBC}") = "Common.Infrastructure.Functional.Tests", "Common\test\Common.Infrastructure.Functional.Tests\Common.Infrastructure.Functional.Tests.csproj", "{223E920B-AA2F-60A3-2850-F8793577356A}"
EndProject
Project("{FAE04EC0-301F-11D3-BF4B-00C04F79EFBC}") = "Common.Infrastructure.Tests", "Common\test\Common.Infrastructure.Tests\Common.Infrastructure.Tests.csproj", "{F37C3656-D7CA-4416-AA84-E670C5AD98EB}"
EndProject
Project("{2150E333-8FDC-42A3-9474-1A3956D46DE8}") = "testApp", "testApp", "{29487C19-36D7-4E88-BCF0-B6F23D447016}"
EndProject
Project("{2150E333-8FDC-42A3-9474-1A3956D46DE8}") = "src", "src", "{1471C302-16F9-4E96-B0D5-3440D9E05844}"
EndProject
Project("{FAE04EC0-301F-11D3-BF4B-00C04F79EFBC}") = "TestApp.Application.Api", "Common\testApp\src\TestApp.Application.Api\TestApp.Application.Api.csproj", "{98C519F5-2415-CBD9-1D16-1BDB5671E369}"
EndProject
Project("{FAE04EC0-301F-11D3-BF4B-00C04F79EFBC}") = "TestApp.Application.Api.RequestResponse", "Common\testApp\src\TestApp.Application.Api.RequestResponse\TestApp.Application.Api.RequestResponse.csproj", "{3E1C6180-2D67-A498-38D0-8F561B986DDB}"
EndProject
Project("{FAE04EC0-301F-11D3-BF4B-00C04F79EFBC}") = "TestApp.Application.AsyncApi", "Common\testApp\src\TestApp.Application.AsyncApi\TestApp.Application.AsyncApi.csproj", "{A6565FCB-F64F-5BA3-7971-E9A297C602CF}"
EndProject
Project("{FAE04EC0-301F-11D3-BF4B-00C04F79EFBC}") = "TestApp.Application.MessageProcessor", "Common\testApp\src\TestApp.Application.MessageProcessor\TestApp.Application.MessageProcessor.csproj", "{C09D036F-20AB-788D-B0A1-334807482E3B}"
EndProject
Project("{FAE04EC0-301F-11D3-BF4B-00C04F79EFBC}") = "TestApp.Core", "Common\testApp\src\TestApp.Core\TestApp.Core.csproj", "{A38711FA-162E-E124-1DD3-92F700FDE3BA}"
EndProject
Project("{FAE04EC0-301F-11D3-BF4B-00C04F79EFBC}") = "TestApp.Core.Boundary", "Common\testApp\src\TestApp.Core.Boundary\TestApp.Core.Boundary.csproj", "{23285E05-484A-3F34-36FF-2F4C5B5B23AA}"
EndProject
Project("{FAE04EC0-301F-11D3-BF4B-00C04F79EFBC}") = "TestApp.Core.Domain", "Common\testApp\src\TestApp.Core.Domain\TestApp.Core.Domain.csproj", "{D636D6DC-2BE4-3265-394C-8CE8FAD1E9F3}"
EndProject
Project("{2150E333-8FDC-42A3-9474-1A3956D46DE8}") = "test", "test", "{DAC29CC7-2CDA-4B5B-8795-179833273F61}"
EndProject
Project("{FAE04EC0-301F-11D3-BF4B-00C04F79EFBC}") = "TestApp.Tests", "Common\testApp\test\TestApp.Tests\TestApp.Tests.csproj", "{5394C829-5262-34CD-827A-4194352E201A}"
EndProject
Project("{FAE04EC0-301F-11D3-BF4B-00C04F79EFBC}") = "TestApp.Core.Tests", "Common\testApp\test\TestApp.Core.Tests\TestApp.Core.Tests.csproj", "{6B4C1336-28D4-153B-DC02-67B4C490599F}"
EndProject
Project("{FAE04EC0-301F-11D3-BF4B-00C04F79EFBC}") = "TestApp.Application.Api.Integration.Tests", "Common\testApp\test\TestApp.Application.Api.Integration.Tests\TestApp.Application.Api.Integration.Tests.csproj", "{CA3BE2DF-A273-880B-2569-6B533D79F8A3}"
EndProject
Project("{FAE04EC0-301F-11D3-BF4B-00C04F79EFBC}") = "TestApp.Application.Api.Functional.Tests", "Common\testApp\test\TestApp.Application.Api.Functional.Tests\TestApp.Application.Api.Functional.Tests.csproj", "{264A5CED-2B2B-FBC5-8346-14DC265C9448}"
EndProject
Project("{2150E333-8FDC-42A3-9474-1A3956D46DE8}") = "Stargate", "Stargate", "{8E6FA39F-3DFC-4352-A24E-0915A0C8DD31}"
EndProject
Project("{2150E333-8FDC-42A3-9474-1A3956D46DE8}") = "src", "src", "{3C4BB707-7DE1-4866-A5FA-05AE50FDD846}"
EndProject
Project("{2150E333-8FDC-42A3-9474-1A3956D46DE8}") = "test", "test", "{D31D34D3-E803-44C5-A0DB-039D933F3139}"
EndProject
Project("{FAE04EC0-301F-11D3-BF4B-00C04F79EFBC}") = "Stargate.Core.Boundary", "Stargate\src\Stargate.Core.Boundary\Stargate.Core.Boundary.csproj", "{BC210C44-6DFC-8C87-05DA-5FF0E2866269}"
EndProject
Project("{FAE04EC0-301F-11D3-BF4B-00C04F79EFBC}") = "Stargate.Core.Domain", "Stargate\src\Stargate.Core.Domain\Stargate.Core.Domain.csproj", "{3119DF8D-DEE5-05AC-3309-71125386491D}"
EndProject
Project("{FAE04EC0-301F-11D3-BF4B-00C04F79EFBC}") = "Stargate.Core", "Stargate\src\Stargate.Core\Stargate.Core.csproj", "{50680263-A2D9-93A1-D18E-EA903D13793B}"
EndProject
Project("{FAE04EC0-301F-11D3-BF4B-00C04F79EFBC}") = "Stargate.Persistence", "Stargate\src\Stargate.Persistence\Stargate.Persistence.csproj", "{0BF37EB7-6334-08FE-C342-07418AFD24AE}"
EndProject
Project("{FAE04EC0-301F-11D3-BF4B-00C04F79EFBC}") = "Stargate.Api", "Stargate\src\Stargate.Api\Stargate.Api.csproj", "{0C9C1A3D-D3BA-9F23-DE3E-AEDAB07E4B71}"
EndProject
Project("{FAE04EC0-301F-11D3-BF4B-00C04F79EFBC}") = "Stargate.Testing", "Stargate\test\Stargate.Testing\Stargate.Testing.csproj", "{5B055C28-5AEE-8BC1-1298-641C7BC01684}"
EndProject
Project("{FAE04EC0-301F-11D3-BF4B-00C04F79EFBC}") = "Stargate.Persistence.Tests", "Stargate\test\Stargate.Persistence.Tests\Stargate.Persistence.Tests.csproj", "{AF1A5681-7361-408C-2247-94020827070B}"
EndProject
Project("{FAE04EC0-301F-11D3-BF4B-00C04F79EFBC}") = "Stargate.Core.Tests", "Stargate\test\Stargate.Core.Tests\Stargate.Core.Tests.csproj", "{2FAF3329-76B9-B3A4-C416-E4A0D56B96B1}"
EndProject
Project("{FAE04EC0-301F-11D3-BF4B-00C04F79EFBC}") = "Stargate.Core.Domain.Tests", "Stargate\test\Stargate.Core.Domain.Tests\Stargate.Core.Domain.Tests.csproj", "{1CF39853-249D-390D-7C61-999BED58A906}"
EndProject
Project("{FAE04EC0-301F-11D3-BF4B-00C04F79EFBC}") = "Stargate.Api.Tests", "Stargate\test\Stargate.Api.Tests\Stargate.Api.Tests.csproj", "{475C1813-A267-292E-207A-1D4B98A94F97}"
EndProject
Global
	GlobalSection(SolutionConfigurationPlatforms) = preSolution
		Debug|Any CPU = Debug|Any CPU
		Release|Any CPU = Release|Any CPU
	EndGlobalSection
	GlobalSection(ProjectConfigurationPlatforms) = postSolution
		{81DDED9D-158B-E303-5F62-77A2896D2A5A}.Debug|Any CPU.ActiveCfg = Debug|Any CPU
		{81DDED9D-158B-E303-5F62-77A2896D2A5A}.Debug|Any CPU.Build.0 = Debug|Any CPU
		{81DDED9D-158B-E303-5F62-77A2896D2A5A}.Release|Any CPU.ActiveCfg = Release|Any CPU
		{81DDED9D-158B-E303-5F62-77A2896D2A5A}.Release|Any CPU.Build.0 = Release|Any CPU
		{B07C268A-9C48-9ACA-3090-405AB9DE7884}.Debug|Any CPU.ActiveCfg = Debug|Any CPU
		{B07C268A-9C48-9ACA-3090-405AB9DE7884}.Debug|Any CPU.Build.0 = Debug|Any CPU
		{B07C268A-9C48-9ACA-3090-405AB9DE7884}.Release|Any CPU.ActiveCfg = Release|Any CPU
		{B07C268A-9C48-9ACA-3090-405AB9DE7884}.Release|Any CPU.Build.0 = Release|Any CPU
		{C8EFA71D-8941-85C6-1180-5AEC52364E12}.Debug|Any CPU.ActiveCfg = Debug|Any CPU
		{C8EFA71D-8941-85C6-1180-5AEC52364E12}.Debug|Any CPU.Build.0 = Debug|Any CPU
		{C8EFA71D-8941-85C6-1180-5AEC52364E12}.Release|Any CPU.ActiveCfg = Release|Any CPU
		{C8EFA71D-8941-85C6-1180-5AEC52364E12}.Release|Any CPU.Build.0 = Release|Any CPU
		{D5C425C4-560F-FA82-8E29-83902C95E2C6}.Debug|Any CPU.ActiveCfg = Debug|Any CPU
		{D5C425C4-560F-FA82-8E29-83902C95E2C6}.Debug|Any CPU.Build.0 = Debug|Any CPU
		{D5C425C4-560F-FA82-8E29-83902C95E2C6}.Release|Any CPU.ActiveCfg = Release|Any CPU
		{D5C425C4-560F-FA82-8E29-83902C95E2C6}.Release|Any CPU.Build.0 = Release|Any CPU
		{8432CB51-21F2-6642-30F4-57E78DC4C15F}.Debug|Any CPU.ActiveCfg = Debug|Any CPU
		{8432CB51-21F2-6642-30F4-57E78DC4C15F}.Debug|Any CPU.Build.0 = Debug|Any CPU
		{8432CB51-21F2-6642-30F4-57E78DC4C15F}.Release|Any CPU.ActiveCfg = Release|Any CPU
		{8432CB51-21F2-6642-30F4-57E78DC4C15F}.Release|Any CPU.Build.0 = Release|Any CPU
		{6B52EAED-B9B9-64F9-50F6-3390BE4DE5AD}.Debug|Any CPU.ActiveCfg = Debug|Any CPU
		{6B52EAED-B9B9-64F9-50F6-3390BE4DE5AD}.Debug|Any CPU.Build.0 = Debug|Any CPU
		{6B52EAED-B9B9-64F9-50F6-3390BE4DE5AD}.Release|Any CPU.ActiveCfg = Release|Any CPU
		{6B52EAED-B9B9-64F9-50F6-3390BE4DE5AD}.Release|Any CPU.Build.0 = Release|Any CPU
		{223E920B-AA2F-60A3-2850-F8793577356A}.Debug|Any CPU.ActiveCfg = Debug|Any CPU
		{223E920B-AA2F-60A3-2850-F8793577356A}.Debug|Any CPU.Build.0 = Debug|Any CPU
		{223E920B-AA2F-60A3-2850-F8793577356A}.Release|Any CPU.ActiveCfg = Release|Any CPU
		{223E920B-AA2F-60A3-2850-F8793577356A}.Release|Any CPU.Build.0 = Release|Any CPU
		{F37C3656-D7CA-4416-AA84-E670C5AD98EB}.Debug|Any CPU.ActiveCfg = Debug|Any CPU
		{F37C3656-D7CA-4416-AA84-E670C5AD98EB}.Debug|Any CPU.Build.0 = Debug|Any CPU
		{F37C3656-D7CA-4416-AA84-E670C5AD98EB}.Release|Any CPU.ActiveCfg = Release|Any CPU
		{F37C3656-D7CA-4416-AA84-E670C5AD98EB}.Release|Any CPU.Build.0 = Release|Any CPU
		{98C519F5-2415-CBD9-1D16-1BDB5671E369}.Debug|Any CPU.ActiveCfg = Debug|Any CPU
		{98C519F5-2415-CBD9-1D16-1BDB5671E369}.Debug|Any CPU.Build.0 = Debug|Any CPU
		{98C519F5-2415-CBD9-1D16-1BDB5671E369}.Release|Any CPU.ActiveCfg = Release|Any CPU
		{98C519F5-2415-CBD9-1D16-1BDB5671E369}.Release|Any CPU.Build.0 = Release|Any CPU
		{3E1C6180-2D67-A498-38D0-8F561B986DDB}.Debug|Any CPU.ActiveCfg = Debug|Any CPU
		{3E1C6180-2D67-A498-38D0-8F561B986DDB}.Debug|Any CPU.Build.0 = Debug|Any CPU
		{3E1C6180-2D67-A498-38D0-8F561B986DDB}.Release|Any CPU.ActiveCfg = Release|Any CPU
		{3E1C6180-2D67-A498-38D0-8F561B986DDB}.Release|Any CPU.Build.0 = Release|Any CPU
		{A6565FCB-F64F-5BA3-7971-E9A297C602CF}.Debug|Any CPU.ActiveCfg = Debug|Any CPU
		{A6565FCB-F64F-5BA3-7971-E9A297C602CF}.Debug|Any CPU.Build.0 = Debug|Any CPU
		{A6565FCB-F64F-5BA3-7971-E9A297C602CF}.Release|Any CPU.ActiveCfg = Release|Any CPU
		{A6565FCB-F64F-5BA3-7971-E9A297C602CF}.Release|Any CPU.Build.0 = Release|Any CPU
		{C09D036F-20AB-788D-B0A1-334807482E3B}.Debug|Any CPU.ActiveCfg = Debug|Any CPU
		{C09D036F-20AB-788D-B0A1-334807482E3B}.Debug|Any CPU.Build.0 = Debug|Any CPU
		{C09D036F-20AB-788D-B0A1-334807482E3B}.Release|Any CPU.ActiveCfg = Release|Any CPU
		{C09D036F-20AB-788D-B0A1-334807482E3B}.Release|Any CPU.Build.0 = Release|Any CPU
		{A38711FA-162E-E124-1DD3-92F700FDE3BA}.Debug|Any CPU.ActiveCfg = Debug|Any CPU
		{A38711FA-162E-E124-1DD3-92F700FDE3BA}.Debug|Any CPU.Build.0 = Debug|Any CPU
		{A38711FA-162E-E124-1DD3-92F700FDE3BA}.Release|Any CPU.ActiveCfg = Release|Any CPU
		{A38711FA-162E-E124-1DD3-92F700FDE3BA}.Release|Any CPU.Build.0 = Release|Any CPU
		{23285E05-484A-3F34-36FF-2F4C5B5B23AA}.Debug|Any CPU.ActiveCfg = Debug|Any CPU
		{23285E05-484A-3F34-36FF-2F4C5B5B23AA}.Debug|Any CPU.Build.0 = Debug|Any CPU
		{23285E05-484A-3F34-36FF-2F4C5B5B23AA}.Release|Any CPU.ActiveCfg = Release|Any CPU
		{23285E05-484A-3F34-36FF-2F4C5B5B23AA}.Release|Any CPU.Build.0 = Release|Any CPU
		{D636D6DC-2BE4-3265-394C-8CE8FAD1E9F3}.Debug|Any CPU.ActiveCfg = Debug|Any CPU
		{D636D6DC-2BE4-3265-394C-8CE8FAD1E9F3}.Debug|Any CPU.Build.0 = Debug|Any CPU
		{D636D6DC-2BE4-3265-394C-8CE8FAD1E9F3}.Release|Any CPU.ActiveCfg = Release|Any CPU
		{D636D6DC-2BE4-3265-394C-8CE8FAD1E9F3}.Release|Any CPU.Build.0 = Release|Any CPU
		{5394C829-5262-34CD-827A-4194352E201A}.Debug|Any CPU.ActiveCfg = Debug|Any CPU
		{5394C829-5262-34CD-827A-4194352E201A}.Debug|Any CPU.Build.0 = Debug|Any CPU
		{5394C829-5262-34CD-827A-4194352E201A}.Release|Any CPU.ActiveCfg = Release|Any CPU
		{5394C829-5262-34CD-827A-4194352E201A}.Release|Any CPU.Build.0 = Release|Any CPU
		{6B4C1336-28D4-153B-DC02-67B4C490599F}.Debug|Any CPU.ActiveCfg = Debug|Any CPU
		{6B4C1336-28D4-153B-DC02-67B4C490599F}.Debug|Any CPU.Build.0 = Debug|Any CPU
		{6B4C1336-28D4-153B-DC02-67B4C490599F}.Release|Any CPU.ActiveCfg = Release|Any CPU
		{6B4C1336-28D4-153B-DC02-67B4C490599F}.Release|Any CPU.Build.0 = Release|Any CPU
		{CA3BE2DF-A273-880B-2569-6B533D79F8A3}.Debug|Any CPU.ActiveCfg = Debug|Any CPU
		{CA3BE2DF-A273-880B-2569-6B533D79F8A3}.Debug|Any CPU.Build.0 = Debug|Any CPU
		{CA3BE2DF-A273-880B-2569-6B533D79F8A3}.Release|Any CPU.ActiveCfg = Release|Any CPU
		{CA3BE2DF-A273-880B-2569-6B533D79F8A3}.Release|Any CPU.Build.0 = Release|Any CPU
		{264A5CED-2B2B-FBC5-8346-14DC265C9448}.Debug|Any CPU.ActiveCfg = Debug|Any CPU
		{264A5CED-2B2B-FBC5-8346-14DC265C9448}.Debug|Any CPU.Build.0 = Debug|Any CPU
		{264A5CED-2B2B-FBC5-8346-14DC265C9448}.Release|Any CPU.ActiveCfg = Release|Any CPU
		{264A5CED-2B2B-FBC5-8346-14DC265C9448}.Release|Any CPU.Build.0 = Release|Any CPU
		{BC210C44-6DFC-8C87-05DA-5FF0E2866269}.Debug|Any CPU.ActiveCfg = Debug|Any CPU
		{BC210C44-6DFC-8C87-05DA-5FF0E2866269}.Debug|Any CPU.Build.0 = Debug|Any CPU
		{BC210C44-6DFC-8C87-05DA-5FF0E2866269}.Release|Any CPU.ActiveCfg = Release|Any CPU
		{BC210C44-6DFC-8C87-05DA-5FF0E2866269}.Release|Any CPU.Build.0 = Release|Any CPU
		{3119DF8D-DEE5-05AC-3309-71125386491D}.Debug|Any CPU.ActiveCfg = Debug|Any CPU
		{3119DF8D-DEE5-05AC-3309-71125386491D}.Debug|Any CPU.Build.0 = Debug|Any CPU
		{3119DF8D-DEE5-05AC-3309-71125386491D}.Release|Any CPU.ActiveCfg = Release|Any CPU
		{3119DF8D-DEE5-05AC-3309-71125386491D}.Release|Any CPU.Build.0 = Release|Any CPU
		{50680263-A2D9-93A1-D18E-EA903D13793B}.Debug|Any CPU.ActiveCfg = Debug|Any CPU
		{50680263-A2D9-93A1-D18E-EA903D13793B}.Debug|Any CPU.Build.0 = Debug|Any CPU
		{50680263-A2D9-93A1-D18E-EA903D13793B}.Release|Any CPU.ActiveCfg = Release|Any CPU
		{50680263-A2D9-93A1-D18E-EA903D13793B}.Release|Any CPU.Build.0 = Release|Any CPU
		{0BF37EB7-6334-08FE-C342-07418AFD24AE}.Debug|Any CPU.ActiveCfg = Debug|Any CPU
		{0BF37EB7-6334-08FE-C342-07418AFD24AE}.Debug|Any CPU.Build.0 = Debug|Any CPU
		{0BF37EB7-6334-08FE-C342-07418AFD24AE}.Release|Any CPU.ActiveCfg = Release|Any CPU
		{0BF37EB7-6334-08FE-C342-07418AFD24AE}.Release|Any CPU.Build.0 = Release|Any CPU
		{0C9C1A3D-D3BA-9F23-DE3E-AEDAB07E4B71}.Debug|Any CPU.ActiveCfg = Debug|Any CPU
		{0C9C1A3D-D3BA-9F23-DE3E-AEDAB07E4B71}.Debug|Any CPU.Build.0 = Debug|Any CPU
		{0C9C1A3D-D3BA-9F23-DE3E-AEDAB07E4B71}.Release|Any CPU.ActiveCfg = Release|Any CPU
		{0C9C1A3D-D3BA-9F23-DE3E-AEDAB07E4B71}.Release|Any CPU.Build.0 = Release|Any CPU
		{5B055C28-5AEE-8BC1-1298-641C7BC01684}.Debug|Any CPU.ActiveCfg = Debug|Any CPU
		{5B055C28-5AEE-8BC1-1298-641C7BC01684}.Debug|Any CPU.Build.0 = Debug|Any CPU
		{5B055C28-5AEE-8BC1-1298-641C7BC01684}.Release|Any CPU.ActiveCfg = Release|Any CPU
		{5B055C28-5AEE-8BC1-1298-641C7BC01684}.Release|Any CPU.Build.0 = Release|Any CPU
		{AF1A5681-7361-408C-2247-94020827070B}.Debug|Any CPU.ActiveCfg = Debug|Any CPU
		{AF1A5681-7361-408C-2247-94020827070B}.Debug|Any CPU.Build.0 = Debug|Any CPU
		{AF1A5681-7361-408C-2247-94020827070B}.Release|Any CPU.ActiveCfg = Release|Any CPU
		{AF1A5681-7361-408C-2247-94020827070B}.Release|Any CPU.Build.0 = Release|Any CPU
		{2FAF3329-76B9-B3A4-C416-E4A0D56B96B1}.Debug|Any CPU.ActiveCfg = Debug|Any CPU
		{2FAF3329-76B9-B3A4-C416-E4A0D56B96B1}.Debug|Any CPU.Build.0 = Debug|Any CPU
		{2FAF3329-76B9-B3A4-C416-E4A0D56B96B1}.Release|Any CPU.ActiveCfg = Release|Any CPU
		{2FAF3329-76B9-B3A4-C416-E4A0D56B96B1}.Release|Any CPU.Build.0 = Release|Any CPU
		{1CF39853-249D-390D-7C61-999BED58A906}.Debug|Any CPU.ActiveCfg = Debug|Any CPU
		{1CF39853-249D-390D-7C61-999BED58A906}.Debug|Any CPU.Build.0 = Debug|Any CPU
		{1CF39853-249D-390D-7C61-999BED58A906}.Release|Any CPU.ActiveCfg = Release|Any CPU
		{1CF39853-249D-390D-7C61-999BED58A906}.Release|Any CPU.Build.0 = Release|Any CPU
		{475C1813-A267-292E-207A-1D4B98A94F97}.Debug|Any CPU.ActiveCfg = Debug|Any CPU
		{475C1813-A267-292E-207A-1D4B98A94F97}.Debug|Any CPU.Build.0 = Debug|Any CPU
		{475C1813-A267-292E-207A-1D4B98A94F97}.Release|Any CPU.ActiveCfg = Release|Any CPU
		{475C1813-A267-292E-207A-1D4B98A94F97}.Release|Any CPU.Build.0 = Release|Any CPU
	EndGlobalSection
	GlobalSection(SolutionProperties) = preSolution
		HideSolutionNode = FALSE
	EndGlobalSection
	GlobalSection(NestedProjects) = preSolution
		{81DDED9D-158B-E303-5F62-77A2896D2A5A} = {02EA681E-C7D8-13C7-8484-4AC65E1B71E8}
		{D7F1A918-C39D-4DB3-9A09-962842E4AAFE} = {1C1E5B89-B53D-47DE-966E-47429FE6DBC1}
		{B07C268A-9C48-9ACA-3090-405AB9DE7884} = {D7F1A918-C39D-4DB3-9A09-962842E4AAFE}
		{C8EFA71D-8941-85C6-1180-5AEC52364E12} = {D7F1A918-C39D-4DB3-9A09-962842E4AAFE}
		{D5C425C4-560F-FA82-8E29-83902C95E2C6} = {D7F1A918-C39D-4DB3-9A09-962842E4AAFE}
		{8432CB51-21F2-6642-30F4-57E78DC4C15F} = {D7F1A918-C39D-4DB3-9A09-962842E4AAFE}
		{6B52EAED-B9B9-64F9-50F6-3390BE4DE5AD} = {D7F1A918-C39D-4DB3-9A09-962842E4AAFE}
		{1455FA76-7C1E-4C9F-8253-18E64C5EBDF6} = {1C1E5B89-B53D-47DE-966E-47429FE6DBC1}
		{223E920B-AA2F-60A3-2850-F8793577356A} = {1455FA76-7C1E-4C9F-8253-18E64C5EBDF6}
		{F37C3656-D7CA-4416-AA84-E670C5AD98EB} = {1455FA76-7C1E-4C9F-8253-18E64C5EBDF6}
		{29487C19-36D7-4E88-BCF0-B6F23D447016} = {1C1E5B89-B53D-47DE-966E-47429FE6DBC1}
		{1471C302-16F9-4E96-B0D5-3440D9E05844} = {29487C19-36D7-4E88-BCF0-B6F23D447016}
		{98C519F5-2415-CBD9-1D16-1BDB5671E369} = {1471C302-16F9-4E96-B0D5-3440D9E05844}
		{3E1C6180-2D67-A498-38D0-8F561B986DDB} = {1471C302-16F9-4E96-B0D5-3440D9E05844}
		{A6565FCB-F64F-5BA3-7971-E9A297C602CF} = {1471C302-16F9-4E96-B0D5-3440D9E05844}
		{C09D036F-20AB-788D-B0A1-334807482E3B} = {1471C302-16F9-4E96-B0D5-3440D9E05844}
		{A38711FA-162E-E124-1DD3-92F700FDE3BA} = {1471C302-16F9-4E96-B0D5-3440D9E05844}
		{23285E05-484A-3F34-36FF-2F4C5B5B23AA} = {1471C302-16F9-4E96-B0D5-3440D9E05844}
		{D636D6DC-2BE4-3265-394C-8CE8FAD1E9F3} = {1471C302-16F9-4E96-B0D5-3440D9E05844}
		{DAC29CC7-2CDA-4B5B-8795-179833273F61} = {29487C19-36D7-4E88-BCF0-B6F23D447016}
		{5394C829-5262-34CD-827A-4194352E201A} = {DAC29CC7-2CDA-4B5B-8795-179833273F61}
		{6B4C1336-28D4-153B-DC02-67B4C490599F} = {DAC29CC7-2CDA-4B5B-8795-179833273F61}
		{CA3BE2DF-A273-880B-2569-6B533D79F8A3} = {DAC29CC7-2CDA-4B5B-8795-179833273F61}
		{264A5CED-2B2B-FBC5-8346-14DC265C9448} = {DAC29CC7-2CDA-4B5B-8795-179833273F61}
		{3C4BB707-7DE1-4866-A5FA-05AE50FDD846} = {8E6FA39F-3DFC-4352-A24E-0915A0C8DD31}
		{D31D34D3-E803-44C5-A0DB-039D933F3139} = {8E6FA39F-3DFC-4352-A24E-0915A0C8DD31}
		{BC210C44-6DFC-8C87-05DA-5FF0E2866269} = {3C4BB707-7DE1-4866-A5FA-05AE50FDD846}
		{3119DF8D-DEE5-05AC-3309-71125386491D} = {3C4BB707-7DE1-4866-A5FA-05AE50FDD846}
		{50680263-A2D9-93A1-D18E-EA903D13793B} = {3C4BB707-7DE1-4866-A5FA-05AE50FDD846}
		{0BF37EB7-6334-08FE-C342-07418AFD24AE} = {3C4BB707-7DE1-4866-A5FA-05AE50FDD846}
		{0C9C1A3D-D3BA-9F23-DE3E-AEDAB07E4B71} = {3C4BB707-7DE1-4866-A5FA-05AE50FDD846}
		{5B055C28-5AEE-8BC1-1298-641C7BC01684} = {D31D34D3-E803-44C5-A0DB-039D933F3139}
		{AF1A5681-7361-408C-2247-94020827070B} = {D31D34D3-E803-44C5-A0DB-039D933F3139}
		{2FAF3329-76B9-B3A4-C416-E4A0D56B96B1} = {D31D34D3-E803-44C5-A0DB-039D933F3139}
		{1CF39853-249D-390D-7C61-999BED58A906} = {D31D34D3-E803-44C5-A0DB-039D933F3139}
		{475C1813-A267-292E-207A-1D4B98A94F97} = {D31D34D3-E803-44C5-A0DB-039D933F3139}
	EndGlobalSection
	GlobalSection(ExtensibilityGlobals) = postSolution
		SolutionGuid = {039ED028-B37A-497D-8233-849DE3AEC974}
	EndGlobalSection
EndGlobal
